// !$*UTF8*$!
{
	archiveVersion = 1;
	classes = {
	};
	objectVersion = 50;
	objects = {

/* Begin PBXBuildFile section */
		A97D74812138D0220049EC3A /* AppDelegate.m in Sources */ = {isa = PBXBuildFile; fileRef = A97D74802138D0220049EC3A /* AppDelegate.m */; };
		A97D74842138D0220049EC3A /* ViewController.m in Sources */ = {isa = PBXBuildFile; fileRef = A97D74832138D0220049EC3A /* ViewController.m */; };
		A97D74872138D0220049EC3A /* Main.storyboard in Resources */ = {isa = PBXBuildFile; fileRef = A97D74852138D0220049EC3A /* Main.storyboard */; };
		A97D74892138D0240049EC3A /* Assets.xcassets in Resources */ = {isa = PBXBuildFile; fileRef = A97D74882138D0240049EC3A /* Assets.xcassets */; };
		A97D748C2138D0240049EC3A /* LaunchScreen.storyboard in Resources */ = {isa = PBXBuildFile; fileRef = A97D748A2138D0240049EC3A /* LaunchScreen.storyboard */; };
		A97D748F2138D0240049EC3A /* main.m in Sources */ = {isa = PBXBuildFile; fileRef = A97D748E2138D0240049EC3A /* main.m */; };
		A97D74982138D2A40049EC3A /* HGAlertViewController.m in Sources */ = {isa = PBXBuildFile; fileRef = A97D74972138D2A40049EC3A /* HGAlertViewController.m */; };
/* End PBXBuildFile section */

/* Begin PBXFileReference section */
		A97D747C2138D0220049EC3A /* HGAlertViewController.app */ = {isa = PBXFileReference; explicitFileType = wrapper.application; includeInIndex = 0; path = HGAlertViewController.app; sourceTree = BUILT_PRODUCTS_DIR; };
		A97D747F2138D0220049EC3A /* AppDelegate.h */ = {isa = PBXFileReference; lastKnownFileType = sourcecode.c.h; path = AppDelegate.h; sourceTree = "<group>"; };
		A97D74802138D0220049EC3A /* AppDelegate.m */ = {isa = PBXFileReference; lastKnownFileType = sourcecode.c.objc; path = AppDelegate.m; sourceTree = "<group>"; };
		A97D74822138D0220049EC3A /* ViewController.h */ = {isa = PBXFileReference; lastKnownFileType = sourcecode.c.h; path = ViewController.h; sourceTree = "<group>"; };
		A97D74832138D0220049EC3A /* ViewController.m */ = {isa = PBXFileReference; lastKnownFileType = sourcecode.c.objc; path = ViewController.m; sourceTree = "<group>"; };
		A97D74862138D0220049EC3A /* Base */ = {isa = PBXFileReference; lastKnownFileType = file.storyboard; name = Base; path = Base.lproj/Main.storyboard; sourceTree = "<group>"; };
		A97D74882138D0240049EC3A /* Assets.xcassets */ = {isa = PBXFileReference; lastKnownFileType = folder.assetcatalog; path = Assets.xcassets; sourceTree = "<group>"; };
		A97D748B2138D0240049EC3A /* Base */ = {isa = PBXFileReference; lastKnownFileType = file.storyboard; name = Base; path = Base.lproj/LaunchScreen.storyboard; sourceTree = "<group>"; };
		A97D748D2138D0240049EC3A /* Info.plist */ = {isa = PBXFileReference; lastKnownFileType = text.plist.xml; path = Info.plist; sourceTree = "<group>"; };
		A97D748E2138D0240049EC3A /* main.m */ = {isa = PBXFileReference; lastKnownFileType = sourcecode.c.objc; path = main.m; sourceTree = "<group>"; };
		A97D74962138D2A40049EC3A /* HGAlertViewController.h */ = {isa = PBXFileReference; fileEncoding = 4; lastKnownFileType = sourcecode.c.h; path = HGAlertViewController.h; sourceTree = "<group>"; };
		A97D74972138D2A40049EC3A /* HGAlertViewController.m */ = {isa = PBXFileReference; fileEncoding = 4; lastKnownFileType = sourcecode.c.objc; path = HGAlertViewController.m; sourceTree = "<group>"; };
/* End PBXFileReference section */

/* Begin PBXFrameworksBuildPhase section */
		A97D74792138D0220049EC3A /* Frameworks */ = {
			isa = PBXFrameworksBuildPhase;
			buildActionMask = 2147483647;
			files = (
			);
			runOnlyForDeploymentPostprocessing = 0;
		};
/* End PBXFrameworksBuildPhase section */

/* Begin PBXGroup section */
		A97D74732138D0220049EC3A = {
			isa = PBXGroup;
			children = (
				A97D747E2138D0220049EC3A /* HGAlertViewController */,
				A97D747D2138D0220049EC3A /* Products */,
			);
			sourceTree = "<group>";
		};
		A97D747D2138D0220049EC3A /* Products */ = {
			isa = PBXGroup;
			children = (
				A97D747C2138D0220049EC3A /* HGAlertViewController.app */,
			);
			name = Products;
			sourceTree = "<group>";
		};
		A97D747E2138D0220049EC3A /* HGAlertViewController */ = {
			isa = PBXGroup;
			children = (
				A97D74952138D2990049EC3A /* HGAlertViewController */,
				A97D747F2138D0220049EC3A /* AppDelegate.h */,
				A97D74802138D0220049EC3A /* AppDelegate.m */,
				A97D74822138D0220049EC3A /* ViewController.h */,
				A97D74832138D0220049EC3A /* ViewController.m */,
				A97D74852138D0220049EC3A /* Main.storyboard */,
				A97D74882138D0240049EC3A /* Assets.xcassets */,
				A97D748A2138D0240049EC3A /* LaunchScreen.storyboard */,
				A97D748D2138D0240049EC3A /* Info.plist */,
				A97D748E2138D0240049EC3A /* main.m */,
			);
			path = HGAlertViewController;
			sourceTree = "<group>";
		};
		A97D74952138D2990049EC3A /* HGAlertViewController */ = {
			isa = PBXGroup;
			children = (
				A97D74962138D2A40049EC3A /* HGAlertViewController.h */,
				A97D74972138D2A40049EC3A /* HGAlertViewController.m */,
			);
			path = HGAlertViewController;
			sourceTree = "<group>";
		};
/* End PBXGroup section */

/* Begin PBXNativeTarget section */
		A97D747B2138D0220049EC3A /* HGAlertViewController */ = {
			isa = PBXNativeTarget;
			buildConfigurationList = A97D74922138D0240049EC3A /* Build configuration list for PBXNativeTarget "HGAlertViewController" */;
			buildPhases = (
				A97D74782138D0220049EC3A /* Sources */,
				A97D74792138D0220049EC3A /* Frameworks */,
				A97D747A2138D0220049EC3A /* Resources */,
			);
			buildRules = (
			);
			dependencies = (
			);
			name = HGAlertViewController;
			productName = HGAlertViewController;
			productReference = A97D747C2138D0220049EC3A /* HGAlertViewController.app */;
			productType = "com.apple.product-type.application";
		};
/* End PBXNativeTarget section */

/* Begin PBXProject section */
		A97D74742138D0220049EC3A /* Project object */ = {
			isa = PBXProject;
			attributes = {
				LastUpgradeCheck = 0940;
				ORGANIZATIONNAME = "胡志辉";
				TargetAttributes = {
					A97D747B2138D0220049EC3A = {
						CreatedOnToolsVersion = 9.4.1;
					};
				};
			};
			buildConfigurationList = A97D74772138D0220049EC3A /* Build configuration list for PBXProject "HGAlertViewController" */;
			compatibilityVersion = "Xcode 9.3";
			developmentRegion = en;
			hasScannedForEncodings = 0;
			knownRegions = (
				en,
				Base,
			);
			mainGroup = A97D74732138D0220049EC3A;
			productRefGroup = A97D747D2138D0220049EC3A /* Products */;
			projectDirPath = "";
			projectRoot = "";
			targets = (
				A97D747B2138D0220049EC3A /* HGAlertViewController */,
			);
		};
/* End PBXProject section */

/* Begin PBXResourcesBuildPhase section */
		A97D747A2138D0220049EC3A /* Resources */ = {
			isa = PBXResourcesBuildPhase;
			buildActionMask = 2147483647;
			files = (
				A97D748C2138D0240049EC3A /* LaunchScreen.storyboard in Resources */,
				A97D74892138D0240049EC3A /* Assets.xcassets in Resources */,
				A97D74872138D0220049EC3A /* Main.storyboard in Resources */,
			);
			runOnlyForDeploymentPostprocessing = 0;
		};
/* End PBXResourcesBuildPhase section */

/* Begin PBXSourcesBuildPhase section */
		A97D74782138D0220049EC3A /* Sources */ = {
			isa = PBXSourcesBuildPhase;
			buildActionMask = 2147483647;
			files = (
				A97D74982138D2A40049EC3A /* HGAlertViewController.m in Sources */,
				A97D74842138D0220049EC3A /* ViewController.m in Sources */,
				A97D748F2138D0240049EC3A /* main.m in Sources */,
				A97D74812138D0220049EC3A /* AppDelegate.m in Sources */,
			);
			runOnlyForDeploymentPostprocessing = 0;
		};
/* End PBXSourcesBuildPhase section */

/* Begin PBXVariantGroup section */
		A97D74852138D0220049EC3A /* Main.storyboard */ = {
			isa = PBXVariantGroup;
			children = (
				A97D74862138D0220049EC3A /* Base */,
			);
			name = Main.storyboard;
			sourceTree = "<group>";
		};
		A97D748A2138D0240049EC3A /* LaunchScreen.storyboard */ = {
			isa = PBXVariantGroup;
			children = (
				A97D748B2138D0240049EC3A /* Base */,
			);
			name = LaunchScreen.storyboard;
			sourceTree = "<group>";
		};
/* End PBXVariantGroup section */

/* Begin XCBuildConfiguration section */
		A97D74902138D0240049EC3A /* Debug */ = {
			isa = XCBuildConfiguration;
			buildSettings = {
				ALWAYS_SEARCH_USER_PATHS = NO;
				CLANG_ANALYZER_NONNULL = YES;
				CLANG_ANALYZER_NUMBER_OBJECT_CONVERSION = YES_AGGRESSIVE;
				CLANG_CXX_LANGUAGE_STANDARD = "gnu++14";
				CLANG_CXX_LIBRARY = "libc++";
				CLANG_ENABLE_MODULES = YES;
				CLANG_ENABLE_OBJC_ARC = YES;
				CLANG_ENABLE_OBJC_WEAK = YES;
				CLANG_WARN_BLOCK_CAPTURE_AUTORELEASING = YES;
				CLANG_WARN_BOOL_CONVERSION = YES;
				CLANG_WARN_COMMA = YES;
				CLANG_WARN_CONSTANT_CONVERSION = YES;
				CLANG_WARN_DEPRECATED_OBJC_IMPLEMENTATIONS = YES;
				CLANG_WARN_DIRECT_OBJC_ISA_USAGE = YES_ERROR;
				CLANG_WARN_DOCUMENTATION_COMMENTS = YES;
				CLANG_WARN_EMPTY_BODY = YES;
				CLANG_WARN_ENUM_CONVERSION = YES;
				CLANG_WARN_INFINITE_RECURSION = YES;
				CLANG_WARN_INT_CONVERSION = YES;
				CLANG_WARN_NON_LITERAL_NULL_CONVERSION = YES;
				CLANG_WARN_OBJC_IMPLICIT_RETAIN_SELF = YES;
				CLANG_WARN_OBJC_LITERAL_CONVERSION = YES;
				CLANG_WARN_OBJC_ROOT_CLASS = YES_ERROR;
				CLANG_WARN_RANGE_LOOP_ANALYSIS = YES;
				CLANG_WARN_STRICT_PROTOTYPES = YES;
				CLANG_WARN_SUSPICIOUS_MOVE = YES;
				CLANG_WARN_UNGUARDED_AVAILABILITY = YES_AGGRESSIVE;
				CLANG_WARN_UNREACHABLE_CODE = YES;
				CLANG_WARN__DUPLICATE_METHOD_MATCH = YES;
				CODE_SIGN_IDENTITY = "iPhone Developer";
				COPY_PHASE_STRIP = NO;
				DEBUG_INFORMATION_FORMAT = dwarf;
				ENABLE_STRICT_OBJC_MSGSEND = YES;
				ENABLE_TESTABILITY = YES;
				GCC_C_LANGUAGE_STANDARD = gnu11;
				GCC_DYNAMIC_NO_PIC = NO;
				GCC_NO_COMMON_BLOCKS = YES;
				GCC_OPTIMIZATION_LEVEL = 0;
				GCC_PREPROCESSOR_DEFINITIONS = (
					"DEBUG=1",
					"$(inherited)",
				);
				GCC_WARN_64_TO_32_BIT_CONVERSION = YES;
				GCC_WARN_ABOUT_RETURN_TYPE = YES_ERROR;
				GCC_WARN_UNDECLARED_SELECTOR = YES;
				GCC_WARN_UNINITIALIZED_AUTOS = YES_AGGRESSIVE;
				GCC_WARN_UNUSED_FUNCTION = YES;
				GCC_WARN_UNUSED_VARIABLE = YES;
				IPHONEOS_DEPLOYMENT_TARGET = 11.4;
				MTL_ENABLE_DEBUG_INFO = YES;
				ONLY_ACTIVE_ARCH = YES;
				SDKROOT = iphoneos;
			};
			name = Debug;
		};
		A97D74912138D0240049EC3A /* Release */ = {
			isa = XCBuildConfiguration;
			buildSettings = {
				ALWAYS_SEARCH_USER_PATHS = NO;
				CLANG_ANALYZER_NONNULL = YES;
				CLANG_ANALYZER_NUMBER_OBJECT_CONVERSION = YES_AGGRESSIVE;
				CLANG_CXX_LANGUAGE_STANDARD = "gnu++14";
				CLANG_CXX_LIBRARY = "libc++";
				CLANG_ENABLE_MODULES = YES;
				CLANG_ENABLE_OBJC_ARC = YES;
				CLANG_ENABLE_OBJC_WEAK = YES;
				CLANG_WARN_BLOCK_CAPTURE_AUTORELEASING = YES;
				CLANG_WARN_BOOL_CONVERSION = YES;
				CLANG_WARN_COMMA = YES;
				CLANG_WARN_CONSTANT_CONVERSION = YES;
				CLANG_WARN_DEPRECATED_OBJC_IMPLEMENTATIONS = YES;
				CLANG_WARN_DIRECT_OBJC_ISA_USAGE = YES_ERROR;
				CLANG_WARN_DOCUMENTATION_COMMENTS = YES;
				CLANG_WARN_EMPTY_BODY = YES;
				CLANG_WARN_ENUM_CONVERSION = YES;
				CLANG_WARN_INFINITE_RECURSION = YES;
				CLANG_WARN_INT_CONVERSION = YES;
				CLANG_WARN_NON_LITERAL_NULL_CONVERSION = YES;
				CLANG_WARN_OBJC_IMPLICIT_RETAIN_SELF = YES;
				CLANG_WARN_OBJC_LITERAL_CONVERSION = YES;
				CLANG_WARN_OBJC_ROOT_CLASS = YES_ERROR;
				CLANG_WARN_RANGE_LOOP_ANALYSIS = YES;
				CLANG_WARN_STRICT_PROTOTYPES = YES;
				CLANG_WARN_SUSPICIOUS_MOVE = YES;
				CLANG_WARN_UNGUARDED_AVAILABILITY = YES_AGGRESSIVE;
				CLANG_WARN_UNREACHABLE_CODE = YES;
				CLANG_WARN__DUPLICATE_METHOD_MATCH = YES;
				CODE_SIGN_IDENTITY = "iPhone Developer";
				COPY_PHASE_STRIP = NO;
				DEBUG_INFORMATION_FORMAT = "dwarf-with-dsym";
				ENABLE_NS_ASSERTIONS = NO;
				ENABLE_STRICT_OBJC_MSGSEND = YES;
				GCC_C_LANGUAGE_STANDARD = gnu11;
				GCC_NO_COMMON_BLOCKS = YES;
				GCC_WARN_64_TO_32_BIT_CONVERSION = YES;
				GCC_WARN_ABOUT_RETURN_TYPE = YES_ERROR;
				GCC_WARN_UNDECLARED_SELECTOR = YES;
				GCC_WARN_UNINITIALIZED_AUTOS = YES_AGGRESSIVE;
				GCC_WARN_UNUSED_FUNCTION = YES;
				GCC_WARN_UNUSED_VARIABLE = YES;
				IPHONEOS_DEPLOYMENT_TARGET = 11.4;
				MTL_ENABLE_DEBUG_INFO = NO;
				SDKROOT = iphoneos;
				VALIDATE_PRODUCT = YES;
			};
			name = Release;
		};
		A97D74932138D0240049EC3A /* Debug */ = {
			isa = XCBuildConfiguration;
			buildSettings = {
				ASSETCATALOG_COMPILER_APPICON_NAME = AppIcon;
				CODE_SIGN_STYLE = Automatic;
				INFOPLIST_FILE = HGAlertViewController/Info.plist;
				LD_RUNPATH_SEARCH_PATHS = (
					"$(inherited)",
					"@executable_path/Frameworks",
				);
				PRODUCT_BUNDLE_IDENTIFIER = "---.HGAlertViewController";
				PRODUCT_NAME = "$(TARGET_NAME)";
				TARGETED_DEVICE_FAMILY = "1,2";
			};
			name = Debug;
		};
		A97D74942138D0240049EC3A /* Release */ = {
			isa = XCBuildConfiguration;
			buildSettings = {
				ASSETCATALOG_COMPILER_APPICON_NAME = AppIcon;
				CODE_SIGN_STYLE = Automatic;
				INFOPLIST_FILE = HGAlertViewController/Info.plist;
				LD_RUNPATH_SEARCH_PATHS = (
					"$(inherited)",
					"@executable_path/Frameworks",
				);
				PRODUCT_BUNDLE_IDENTIFIER = "---.HGAlertViewController";
				PRODUCT_NAME = "$(TARGET_NAME)";
				TARGETED_DEVICE_FAMILY = "1,2";
			};
			name = Release;
		};
/* End XCBuildConfiguration section */

/* Begin XCConfigurationList section */
		A97D74772138D0220049EC3A /* Build configuration list for PBXProject "HGAlertViewController" */ = {
			isa = XCConfigurationList;
			buildConfigurations = (
				A97D74902138D0240049EC3A /* Debug */,
				A97D74912138D0240049EC3A /* Release */,
			);
			defaultConfigurationIsVisible = 0;
			defaultConfigurationName = Release;
		};
		A97D74922138D0240049EC3A /* Build configuration list for PBXNativeTarget "HGAlertViewController" */ = {
			isa = XCConfigurationList;
			buildConfigurations = (
				A97D74932138D0240049EC3A /* Debug */,
				A97D74942138D0240049EC3A /* Release */,
			);
			defaultConfigurationIsVisible = 0;
			defaultConfigurationName = Release;
		};
/* End XCConfigurationList section */
	};
	rootObject = A97D74742138D0220049EC3A /* Project object */;
}
